
Microsoft Visual Studio Solution File, Format Version 12.00
# Visual Studio Version 16
VisualStudioVersion = 16.0.30804.86
MinimumVisualStudioVersion = 10.0.40219.1
Project("{9A19103F-16F7-4668-BE54-9A1E7A4F7556}") = "StudentASP.DataAccess.MSSQL", "StudentASP.DB.MSSQL\StudentASP.DataAccess.MSSQL.csproj", "{4CE4D6F0-1EEE-4235-A6E8-BEDF31E0252A}"
EndProject
Project("{9A19103F-16F7-4668-BE54-9A1E7A4F7556}") = "StudentASP.Application", "StudentAsp.Application\StudentASP.Application.csproj", "{96DA51BD-73B0-4FDD-8260-0796D5BE82A4}"
EndProject
Project("{9A19103F-16F7-4668-BE54-9A1E7A4F7556}") = "StudentASP.Domain", "StudentASP.Domain\StudentASP.Domain.csproj", "{CD95298E-D659-4BA5-8B67-CB31E3F3EAC4}"
EndProject
Project("{9A19103F-16F7-4668-BE54-9A1E7A4F7556}") = "StudentASP.Web", "StudentASP.Web\StudentASP.Web.csproj", "{3B6B2255-82E2-486F-8B10-A5E8A3FD7FF7}"
EndProject
Project("{9A19103F-16F7-4668-BE54-9A1E7A4F7556}") = "StudentASP.Application.Tests", "StudentASP.Aplication.Tests\StudentASP.Application.Tests.csproj", "{DADA830F-5FC3-4C25-8BCB-EEF4232FE9BC}"
EndProject
Global
	GlobalSection(SolutionConfigurationPlatforms) = preSolution
		Debug|Any CPU = Debug|Any CPU
		Release|Any CPU = Release|Any CPU
	EndGlobalSection
	GlobalSection(ProjectConfigurationPlatforms) = postSolution
		{4CE4D6F0-1EEE-4235-A6E8-BEDF31E0252A}.Debug|Any CPU.ActiveCfg = Debug|Any CPU
		{4CE4D6F0-1EEE-4235-A6E8-BEDF31E0252A}.Debug|Any CPU.Build.0 = Debug|Any CPU
		{4CE4D6F0-1EEE-4235-A6E8-BEDF31E0252A}.Release|Any CPU.ActiveCfg = Release|Any CPU
		{4CE4D6F0-1EEE-4235-A6E8-BEDF31E0252A}.Release|Any CPU.Build.0 = Release|Any CPU
		{96DA51BD-73B0-4FDD-8260-0796D5BE82A4}.Debug|Any CPU.ActiveCfg = Debug|Any CPU
		{96DA51BD-73B0-4FDD-8260-0796D5BE82A4}.Debug|Any CPU.Build.0 = Debug|Any CPU
		{96DA51BD-73B0-4FDD-8260-0796D5BE82A4}.Release|Any CPU.ActiveCfg = Release|Any CPU
		{96DA51BD-73B0-4FDD-8260-0796D5BE82A4}.Release|Any CPU.Build.0 = Release|Any CPU
		{CD95298E-D659-4BA5-8B67-CB31E3F3EAC4}.Debug|Any CPU.ActiveCfg = Debug|Any CPU
		{CD95298E-D659-4BA5-8B67-CB31E3F3EAC4}.Debug|Any CPU.Build.0 = Debug|Any CPU
		{CD95298E-D659-4BA5-8B67-CB31E3F3EAC4}.Release|Any CPU.ActiveCfg = Release|Any CPU
		{CD95298E-D659-4BA5-8B67-CB31E3F3EAC4}.Release|Any CPU.Build.0 = Release|Any CPU
		{3B6B2255-82E2-486F-8B10-A5E8A3FD7FF7}.Debug|Any CPU.ActiveCfg = Debug|Any CPU
		{3B6B2255-82E2-486F-8B10-A5E8A3FD7FF7}.Debug|Any CPU.Build.0 = Debug|Any CPU
		{3B6B2255-82E2-486F-8B10-A5E8A3FD7FF7}.Release|Any CPU.ActiveCfg = Release|Any CPU
		{3B6B2255-82E2-486F-8B10-A5E8A3FD7FF7}.Release|Any CPU.Build.0 = Release|Any CPU
		{DADA830F-5FC3-4C25-8BCB-EEF4232FE9BC}.Debug|Any CPU.ActiveCfg = Debug|Any CPU
		{DADA830F-5FC3-4C25-8BCB-EEF4232FE9BC}.Debug|Any CPU.Build.0 = Debug|Any CPU
		{DADA830F-5FC3-4C25-8BCB-EEF4232FE9BC}.Release|Any CPU.ActiveCfg = Release|Any CPU
		{DADA830F-5FC3-4C25-8BCB-EEF4232FE9BC}.Release|Any CPU.Build.0 = Release|Any CPU
	EndGlobalSection
	GlobalSection(SolutionProperties) = preSolution
		HideSolutionNode = FALSE
	EndGlobalSection
	GlobalSection(ExtensibilityGlobals) = postSolution
		SolutionGuid = {CD9BED31-1219-452B-BC48-FF242E189165}
	EndGlobalSection
EndGlobal
